<?xml version="1.0" encoding="UTF-8"?>
<CONFIG>
  <ProjectOptions>
    <Version Value="10"/>
    <PathDelim Value="\"/>
    <General>
      <SessionStorage Value="InProjectDir"/>
      <MainUnit Value="0"/>
      <Title Value="VecDraw"/>
      <ResourceType Value="res"/>
      <UseXPManifest Value="True"/>
      <Icon Value="0"/>
    </General>
    <i18n>
      <EnableI18N LFM="False"/>
    </i18n>
    <VersionInfo>
      <StringTable ProductVersion=""/>
    </VersionInfo>
    <BuildModes Count="1">
      <Item1 Name="Debug" Default="True"/>
    </BuildModes>
    <PublishOptions>
      <Version Value="2"/>
    </PublishOptions>
    <RunParams>
      <local>
        <FormatVersion Value="1"/>
      </local>
    </RunParams>
    <RequiredPackages Count="1">
      <Item1>
        <PackageName Value="LCL"/>
      </Item1>
    </RequiredPackages>
    <Units Count="11">
      <Unit0>
        <Filename Value="VecDraw.lpr"/>
        <IsPartOfProject Value="True"/>
      </Unit0>
      <Unit1>
        <Filename Value="udrawbox.pas"/>
        <IsPartOfProject Value="True"/>
        <ComponentName Value="DrawForm"/>
        <HasResources Value="True"/>
        <ResourceBaseClass Value="Form"/>
        <UnitName Value="UDrawBox"/>
      </Unit1>
      <Unit2>
        <Filename Value="uabout.pas"/>
        <IsPartOfProject Value="True"/>
        <ComponentName Value="AboutForm"/>
        <HasResources Value="True"/>
        <ResourceBaseClass Value="Form"/>
        <UnitName Value="UAbout"/>
      </Unit2>
      <Unit3>
        <Filename Value="ufigures.pas"/>
        <IsPartOfProject Value="True"/>
        <UnitName Value="UFigures"/>
      </Unit3>
      <Unit4>
        <Filename Value="utransform.pas"/>
        <IsPartOfProject Value="True"/>
        <UnitName Value="UTransform"/>
      </Unit4>
      <Unit5>
        <Filename Value="utools.pas"/>
        <IsPartOfProject Value="True"/>
        <UnitName Value="UTools"/>
      </Unit5>
      <Unit6>
        <Filename Value="utoolparams.pas"/>
        <IsPartOfProject Value="True"/>
        <UnitName Value="UToolParams"/>
      </Unit6>
      <Unit7>
        <Filename Value="uhistory.pas"/>
        <IsPartOfProject Value="True"/>
        <UnitName Value="UHistory"/>
      </Unit7>
      <Unit8>
        <Filename Value="ufileworker.pas"/>
        <IsPartOfProject Value="True"/>
        <UnitName Value="UFileWorker"/>
      </Unit8>
      <Unit9>
        <Filename Value="uappstate.pas"/>
        <IsPartOfProject Value="True"/>
        <UnitName Value="UAppState"/>
      </Unit9>
      <Unit10>
        <Filename Value="uclipboard.pas"/>
        <IsPartOfProject Value="True"/>
        <UnitName Value="UClipboard"/>
      </Unit10>
    </Units>
  </ProjectOptions>
  <CompilerOptions>
    <Version Value="11"/>
    <PathDelim Value="\"/>
    <Target>
      <Filename Value="VecDraw"/>
    </Target>
    <SearchPaths>
      <IncludeFiles Value="$(ProjOutDir)"/>
      <UnitOutputDirectory Value="lib\$(TargetCPU)-$(TargetOS)"/>
    </SearchPaths>
    <Parsing>
      <SyntaxOptions>
        <IncludeAssertionCode Value="True"/>
      </SyntaxOptions>
    </Parsing>
    <CodeGeneration>
      <Checks>
        <IOChecks Value="True"/>
        <RangeChecks Value="True"/>
        <OverflowChecks Value="True"/>
        <StackChecks Value="True"/>
      </Checks>
      <VerifyObjMethodCallValidity Value="True"/>
    </CodeGeneration>
    <Linking>
      <Debugging>
        <TrashVariables Value="True"/>
        <UseExternalDbgSyms Value="True"/>
      </Debugging>
      <Options>
        <Win32>
          <GraphicApplication Value="True"/>
        </Win32>
      </Options>
    </Linking>
    <Other>
      <Verbosity>
        <ShowDebugInfo Value="True"/>
        <ShowExecInfo Value="True"/>
        <ShowHintsForUnusedUnitsInMainSrc Value="True"/>
      </Verbosity>
      <CustomOptions Value="-dDEBUG"/>
    </Other>
  </CompilerOptions>
  <Debugging>
    <Exceptions Count="3">
      <Item1>
        <Name Value="EAbort"/>
      </Item1>
      <Item2>
        <Name Value="ECodetoolError"/>
      </Item2>
      <Item3>
        <Name Value="EFOpenError"/>
      </Item3>
    </Exceptions>
  </Debugging>
</CONFIG>
